// !$*UTF8*$!
{
	archiveVersion = 1;
	classes = {
	};
	objectVersion = 46;
	objects = {

/* Begin PBXBuildFile section */
		242EB59D1DAD411900FCA51A /* AppDelegate.swift in Sources */ = {isa = PBXBuildFile; fileRef = 242EB59C1DAD411900FCA51A /* AppDelegate.swift */; };
		242EB59F1DAD411900FCA51A /* ViewController.swift in Sources */ = {isa = PBXBuildFile; fileRef = 242EB59E1DAD411900FCA51A /* ViewController.swift */; };
		242EB5A21DAD411900FCA51A /* Main.storyboard in Resources */ = {isa = PBXBuildFile; fileRef = 242EB5A01DAD411900FCA51A /* Main.storyboard */; };
		242EB5A41DAD411900FCA51A /* Assets.xcassets in Resources */ = {isa = PBXBuildFile; fileRef = 242EB5A31DAD411900FCA51A /* Assets.xcassets */; };
		242EB5A71DAD411900FCA51A /* LaunchScreen.storyboard in Resources */ = {isa = PBXBuildFile; fileRef = 242EB5A51DAD411900FCA51A /* LaunchScreen.storyboard */; };
		242EB5AF1DAD5DEE00FCA51A /* CapitalModel.swift in Sources */ = {isa = PBXBuildFile; fileRef = 242EB5AE1DAD5DED00FCA51A /* CapitalModel.swift */; };
/* End PBXBuildFile section */

/* Begin PBXFileReference section */
		242EB5991DAD411900FCA51A /* SwiftMultiColumnTable.app */ = {isa = PBXFileReference; explicitFileType = wrapper.application; includeInIndex = 0; path = SwiftMultiColumnTable.app; sourceTree = BUILT_PRODUCTS_DIR; };
		242EB59C1DAD411900FCA51A /* AppDelegate.swift */ = {isa = PBXFileReference; lastKnownFileType = sourcecode.swift; path = AppDelegate.swift; sourceTree = "<group>"; };
		242EB59E1DAD411900FCA51A /* ViewController.swift */ = {isa = PBXFileReference; lastKnownFileType = sourcecode.swift; path = ViewController.swift; sourceTree = "<group>"; };
		242EB5A11DAD411900FCA51A /* Base */ = {isa = PBXFileReference; lastKnownFileType = file.storyboard; name = Base; path = Base.lproj/Main.storyboard; sourceTree = "<group>"; };
		242EB5A31DAD411900FCA51A /* Assets.xcassets */ = {isa = PBXFileReference; lastKnownFileType = folder.assetcatalog; path = Assets.xcassets; sourceTree = "<group>"; };
		242EB5A61DAD411900FCA51A /* Base */ = {isa = PBXFileReference; lastKnownFileType = file.storyboard; name = Base; path = Base.lproj/LaunchScreen.storyboard; sourceTree = "<group>"; };
		242EB5A81DAD411900FCA51A /* Info.plist */ = {isa = PBXFileReference; lastKnownFileType = text.plist.xml; path = Info.plist; sourceTree = "<group>"; };
		242EB5AE1DAD5DED00FCA51A /* CapitalModel.swift */ = {isa = PBXFileReference; fileEncoding = 4; lastKnownFileType = sourcecode.swift; path = CapitalModel.swift; sourceTree = "<group>"; };
/* End PBXFileReference section */

/* Begin PBXFrameworksBuildPhase section */
		242EB5961DAD411900FCA51A /* Frameworks */ = {
			isa = PBXFrameworksBuildPhase;
			buildActionMask = 2147483647;
			files = (
			);
			runOnlyForDeploymentPostprocessing = 0;
		};
/* End PBXFrameworksBuildPhase section */

/* Begin PBXGroup section */
		242EB5901DAD411900FCA51A = {
			isa = PBXGroup;
			children = (
				242EB59B1DAD411900FCA51A /* SwiftMultiColumnTable */,
				242EB59A1DAD411900FCA51A /* Products */,
			);
			sourceTree = "<group>";
		};
		242EB59A1DAD411900FCA51A /* Products */ = {
			isa = PBXGroup;
			children = (
				242EB5991DAD411900FCA51A /* SwiftMultiColumnTable.app */,
			);
			name = Products;
			sourceTree = "<group>";
		};
		242EB59B1DAD411900FCA51A /* SwiftMultiColumnTable */ = {
			isa = PBXGroup;
			children = (
				242EB59C1DAD411900FCA51A /* AppDelegate.swift */,
				242EB59E1DAD411900FCA51A /* ViewController.swift */,
				242EB5A01DAD411900FCA51A /* Main.storyboard */,
				242EB5A31DAD411900FCA51A /* Assets.xcassets */,
				242EB5A51DAD411900FCA51A /* LaunchScreen.storyboard */,
				242EB5A81DAD411900FCA51A /* Info.plist */,
				242EB5AE1DAD5DED00FCA51A /* CapitalModel.swift */,
			);
			path = SwiftMultiColumnTable;
			sourceTree = "<group>";
		};
/* End PBXGroup section */

/* Begin PBXNativeTarget section */
		242EB5981DAD411900FCA51A /* SwiftMultiColumnTable */ = {
			isa = PBXNativeTarget;
			buildConfigurationList = 242EB5AB1DAD411900FCA51A /* Build configuration list for PBXNativeTarget "SwiftMultiColumnTable" */;
			buildPhases = (
				242EB5951DAD411900FCA51A /* Sources */,
				242EB5961DAD411900FCA51A /* Frameworks */,
				242EB5971DAD411900FCA51A /* Resources */,
			);
			buildRules = (
			);
			dependencies = (
			);
			name = SwiftMultiColumnTable;
			productName = SwiftMultiColumnTable;
			productReference = 242EB5991DAD411900FCA51A /* SwiftMultiColumnTable.app */;
			productType = "com.apple.product-type.application";
		};
/* End PBXNativeTarget section */

/* Begin PBXProject section */
		242EB5911DAD411900FCA51A /* Project object */ = {
			isa = PBXProject;
			attributes = {
				LastSwiftUpdateCheck = 0800;
				LastUpgradeCheck = 0800;
				ORGANIZATIONNAME = "Bharatraj Rai";
				TargetAttributes = {
					242EB5981DAD411900FCA51A = {
						CreatedOnToolsVersion = 8.0;
						ProvisioningStyle = Automatic;
					};
				};
			};
			buildConfigurationList = 242EB5941DAD411900FCA51A /* Build configuration list for PBXProject "SwiftMultiColumnTable" */;
			compatibilityVersion = "Xcode 3.2";
			developmentRegion = English;
			hasScannedForEncodings = 0;
			knownRegions = (
				en,
				Base,
			);
			mainGroup = 242EB5901DAD411900FCA51A;
			productRefGroup = 242EB59A1DAD411900FCA51A /* Products */;
			projectDirPath = "";
			projectRoot = "";
			targets = (
				242EB5981DAD411900FCA51A /* SwiftMultiColumnTable */,
			);
		};
/* End PBXProject section */

/* Begin PBXResourcesBuildPhase section */
		242EB5971DAD411900FCA51A /* Resources */ = {
			isa = PBXResourcesBuildPhase;
			buildActionMask = 2147483647;
			files = (
				242EB5A71DAD411900FCA51A /* LaunchScreen.storyboard in Resources */,
				242EB5A41DAD411900FCA51A /* Assets.xcassets in Resources */,
				242EB5A21DAD411900FCA51A /* Main.storyboard in Resources */,
			);
			runOnlyForDeploymentPostprocessing = 0;
		};
/* End PBXResourcesBuildPhase section */

/* Begin PBXSourcesBuildPhase section */
		242EB5951DAD411900FCA51A /* Sources */ = {
			isa = PBXSourcesBuildPhase;
			buildActionMask = 2147483647;
			files = (
				242EB5AF1DAD5DEE00FCA51A /* CapitalModel.swift in Sources */,
				242EB59F1DAD411900FCA51A /* ViewController.swift in Sources */,
				242EB59D1DAD411900FCA51A /* AppDelegate.swift in Sources */,
			);
			runOnlyForDeploymentPostprocessing = 0;
		};
/* End PBXSourcesBuildPhase section */

/* Begin PBXVariantGroup section */
		242EB5A01DAD411900FCA51A /* Main.storyboard */ = {
			isa = PBXVariantGroup;
			children = (
				242EB5A11DAD411900FCA51A /* Base */,
			);
			name = Main.storyboard;
			sourceTree = "<group>";
		};
		242EB5A51DAD411900FCA51A /* LaunchScreen.storyboard */ = {
			isa = PBXVariantGroup;
			children = (
				242EB5A61DAD411900FCA51A /* Base */,
			);
			name = LaunchScreen.storyboard;
			sourceTree = "<group>";
		};
/* End PBXVariantGroup section */

/* Begin XCBuildConfiguration section */
		242EB5A91DAD411900FCA51A /* Debug */ = {
			isa = XCBuildConfiguration;
			buildSettings = {
				ALWAYS_SEARCH_USER_PATHS = NO;
				CLANG_ANALYZER_NONNULL = YES;
				CLANG_CXX_LANGUAGE_STANDARD = "gnu++0x";
				CLANG_CXX_LIBRARY = "libc++";
				CLANG_ENABLE_MODULES = YES;
				CLANG_ENABLE_OBJC_ARC = YES;
				CLANG_WARN_BOOL_CONVERSION = YES;
				CLANG_WARN_CONSTANT_CONVERSION = YES;
				CLANG_WARN_DIRECT_OBJC_ISA_USAGE = YES_ERROR;
				CLANG_WARN_DOCUMENTATION_COMMENTS = YES;
				CLANG_WARN_EMPTY_BODY = YES;
				CLANG_WARN_ENUM_CONVERSION = YES;
				CLANG_WARN_INFINITE_RECURSION = YES;
				CLANG_WARN_INT_CONVERSION = YES;
				CLANG_WARN_OBJC_ROOT_CLASS = YES_ERROR;
				CLANG_WARN_SUSPICIOUS_MOVES = YES;
				CLANG_WARN_UNREACHABLE_CODE = YES;
				CLANG_WARN__DUPLICATE_METHOD_MATCH = YES;
				"CODE_SIGN_IDENTITY[sdk=iphoneos*]" = "iPhone Developer";
				COPY_PHASE_STRIP = NO;
				DEBUG_INFORMATION_FORMAT = dwarf;
				ENABLE_STRICT_OBJC_MSGSEND = YES;
				ENABLE_TESTABILITY = YES;
				GCC_C_LANGUAGE_STANDARD = gnu99;
				GCC_DYNAMIC_NO_PIC = NO;
				GCC_NO_COMMON_BLOCKS = YES;
				GCC_OPTIMIZATION_LEVEL = 0;
				GCC_PREPROCESSOR_DEFINITIONS = (
					"DEBUG=1",
					"$(inherited)",
				);
				GCC_WARN_64_TO_32_BIT_CONVERSION = YES;
				GCC_WARN_ABOUT_RETURN_TYPE = YES_ERROR;
				GCC_WARN_UNDECLARED_SELECTOR = YES;
				GCC_WARN_UNINITIALIZED_AUTOS = YES_AGGRESSIVE;
				GCC_WARN_UNUSED_FUNCTION = YES;
				GCC_WARN_UNUSED_VARIABLE = YES;
				IPHONEOS_DEPLOYMENT_TARGET = 10.0;
				MTL_ENABLE_DEBUG_INFO = YES;
				ONLY_ACTIVE_ARCH = YES;
				SDKROOT = iphoneos;
				SWIFT_ACTIVE_COMPILATION_CONDITIONS = DEBUG;
				SWIFT_OPTIMIZATION_LEVEL = "-Onone";
			};
			name = Debug;
		};
		242EB5AA1DAD411900FCA51A /* Release */ = {
			isa = XCBuildConfiguration;
			buildSettings = {
				ALWAYS_SEARCH_USER_PATHS = NO;
				CLANG_ANALYZER_NONNULL = YES;
				CLANG_CXX_LANGUAGE_STANDARD = "gnu++0x";
				CLANG_CXX_LIBRARY = "libc++";
				CLANG_ENABLE_MODULES = YES;
				CLANG_ENABLE_OBJC_ARC = YES;
				CLANG_WARN_BOOL_CONVERSION = YES;
				CLANG_WARN_CONSTANT_CONVERSION = YES;
				CLANG_WARN_DIRECT_OBJC_ISA_USAGE = YES_ERROR;
				CLANG_WARN_DOCUMENTATION_COMMENTS = YES;
				CLANG_WARN_EMPTY_BODY = YES;
				CLANG_WARN_ENUM_CONVERSION = YES;
				CLANG_WARN_INFINITE_RECURSION = YES;
				CLANG_WARN_INT_CONVERSION = YES;
				CLANG_WARN_OBJC_ROOT_CLASS = YES_ERROR;
				CLANG_WARN_SUSPICIOUS_MOVES = YES;
				CLANG_WARN_UNREACHABLE_CODE = YES;
				CLANG_WARN__DUPLICATE_METHOD_MATCH = YES;
				"CODE_SIGN_IDENTITY[sdk=iphoneos*]" = "iPhone Developer";
				COPY_PHASE_STRIP = NO;
				DEBUG_INFORMATION_FORMAT = "dwarf-with-dsym";
				ENABLE_NS_ASSERTIONS = NO;
				ENABLE_STRICT_OBJC_MSGSEND = YES;
				GCC_C_LANGUAGE_STANDARD = gnu99;
				GCC_NO_COMMON_BLOCKS = YES;
				GCC_WARN_64_TO_32_BIT_CONVERSION = YES;
				GCC_WARN_ABOUT_RETURN_TYPE = YES_ERROR;
				GCC_WARN_UNDECLARED_SELECTOR = YES;
				GCC_WARN_UNINITIALIZED_AUTOS = YES_AGGRESSIVE;
				GCC_WARN_UNUSED_FUNCTION = YES;
				GCC_WARN_UNUSED_VARIABLE = YES;
				IPHONEOS_DEPLOYMENT_TARGET = 10.0;
				MTL_ENABLE_DEBUG_INFO = NO;
				SDKROOT = iphoneos;
				SWIFT_OPTIMIZATION_LEVEL = "-Owholemodule";
				VALIDATE_PRODUCT = YES;
			};
			name = Release;
		};
		242EB5AC1DAD411900FCA51A /* Debug */ = {
			isa = XCBuildConfiguration;
			buildSettings = {
				ASSETCATALOG_COMPILER_APPICON_NAME = AppIcon;
				INFOPLIST_FILE = SwiftMultiColumnTable/Info.plist;
				LD_RUNPATH_SEARCH_PATHS = "$(inherited) @executable_path/Frameworks";
				PRODUCT_BUNDLE_IDENTIFIER = com.bharath.SwiftAutoLayout.SwiftMultiColumnTable;
				PRODUCT_NAME = "$(TARGET_NAME)";
				SWIFT_VERSION = 3.0;
			};
			name = Debug;
		};
		242EB5AD1DAD411900FCA51A /* Release */ = {
			isa = XCBuildConfiguration;
			buildSettings = {
				ASSETCATALOG_COMPILER_APPICON_NAME = AppIcon;
				INFOPLIST_FILE = SwiftMultiColumnTable/Info.plist;
				LD_RUNPATH_SEARCH_PATHS = "$(inherited) @executable_path/Frameworks";
				PRODUCT_BUNDLE_IDENTIFIER = com.bharath.SwiftAutoLayout.SwiftMultiColumnTable;
				PRODUCT_NAME = "$(TARGET_NAME)";
				SWIFT_VERSION = 3.0;
			};
			name = Release;
		};
/* End XCBuildConfiguration section */

/* Begin XCConfigurationList section */
		242EB5941DAD411900FCA51A /* Build configuration list for PBXProject "SwiftMultiColumnTable" */ = {
			isa = XCConfigurationList;
			buildConfigurations = (
				242EB5A91DAD411900FCA51A /* Debug */,
				242EB5AA1DAD411900FCA51A /* Release */,
			);
			defaultConfigurationIsVisible = 0;
			defaultConfigurationName = Release;
		};
		242EB5AB1DAD411900FCA51A /* Build configuration list for PBXNativeTarget "SwiftMultiColumnTable" */ = {
			isa = XCConfigurationList;
			buildConfigurations = (
				242EB5AC1DAD411900FCA51A /* Debug */,
				242EB5AD1DAD411900FCA51A /* Release */,
			);
			defaultConfigurationIsVisible = 0;
		};
/* End XCConfigurationList section */
	};
	rootObject = 242EB5911DAD411900FCA51A /* Project object */;
}
